
Microsoft Visual Studio Solution File, Format Version 12.00
# Visual Studio Version 16
VisualStudioVersion = 16.0.30204.135
MinimumVisualStudioVersion = 10.0.40219.1
Project("{9A19103F-16F7-4668-BE54-9A1E7A4F7556}") = "Tizen.NUI", "Tizen.NUI.csproj", "{473C3BEC-2F67-4285-85FC-BF4E96BFFF1C}"
EndProject
Project("{9A19103F-16F7-4668-BE54-9A1E7A4F7556}") = "Tizen.System.SystemSettings", "..\Tizen.System.SystemSettings\Tizen.System.SystemSettings.csproj", "{8D71B1B6-9901-436F-8914-9F812E1B10A7}"
EndProject
Project("{9A19103F-16F7-4668-BE54-9A1E7A4F7556}") = "Tizen", "..\Tizen\Tizen.csproj", "{33B7EFD5-0050-416D-A2D1-8F18F26F106D}"
EndProject
Project("{9A19103F-16F7-4668-BE54-9A1E7A4F7556}") = "Tizen.Log", "..\Tizen.Log\Tizen.Log.csproj", "{1C550C1F-9370-42FF-86FA-EDCD6262B258}"
EndProject
Project("{9A19103F-16F7-4668-BE54-9A1E7A4F7556}") = "Tizen.Applications.Common", "..\Tizen.Applications.Common\Tizen.Applications.Common.csproj", "{2AEDCAA7-543F-48A1-BEA3-CF3E14F6EDC2}"
EndProject
Project("{9A19103F-16F7-4668-BE54-9A1E7A4F7556}") = "Tizen.Applications.ComponentBased", "..\Tizen.Applications.ComponentBased\Tizen.Applications.ComponentBased.csproj", "{A9B4744E-EECC-44B6-8357-843DD20617EC}"
EndProject
Project("{9A19103F-16F7-4668-BE54-9A1E7A4F7556}") = "Tizen.System.Information", "..\Tizen.System.Information\Tizen.System.Information.csproj", "{AD4B56C0-01B2-4ED0-9DBD-6CF233D16FF4}"
EndProject
Project("{9A19103F-16F7-4668-BE54-9A1E7A4F7556}") = "NUIComponentApplication", "C:\Users\huiyu.eun\Downloads\ComponentApplicationSample-master\ComponentApplicationSample-master\NUIComponentApplication\NUIComponentApplication.csproj", "{9EA2F516-3051-4D82-AB59-43FE693C88F9}"
EndProject
Project("{9A19103F-16F7-4668-BE54-9A1E7A4F7556}") = "NUIProviderSample", "..\NUIProviderSample\NUIProviderSample.csproj", "{F2339827-D3A5-4BBF-BD81-CDA7723C4AD4}"
EndProject
Project("{9A19103F-16F7-4668-BE54-9A1E7A4F7556}") = "NUIBrokerSample", "..\NUIBrokerSample\NUIBrokerSample.csproj", "{84966B67-3918-4BE3-8DC1-B93D533393B4}"
EndProject
Project("{9A19103F-16F7-4668-BE54-9A1E7A4F7556}") = "NUIMusicPlayer", "..\NUIMusicPlayer\NUIMusicPlayer.csproj", "{2D58DC76-991C-4442-A2A9-455BF8317A9D}"
EndProject
Project("{9A19103F-16F7-4668-BE54-9A1E7A4F7556}") = "NUIWearableBroker", "..\NUIWearableBroker\NUIWearableBroker.csproj", "{F8557F6D-6287-4148-9137-90EE733D3563}"
EndProject
Project("{9A19103F-16F7-4668-BE54-9A1E7A4F7556}") = "Tizen.FH.NUI", "..\..\..\..\..\fhub-nui\Tizen.FH.NUI\Tizen.FH.NUI.csproj", "{19281884-D001-41BE-8C55-D984B949F004}"
EndProject
Project("{9A19103F-16F7-4668-BE54-9A1E7A4F7556}") = "Tizen.NUI.Components", "..\Tizen.NUI.Components\Tizen.NUI.Components.csproj", "{B0C6AD47-3199-4D02-9B5D-2E86BC024976}"
EndProject
Project("{9A19103F-16F7-4668-BE54-9A1E7A4F7556}") = "NUIFrameComponentBroker", "..\NUIFrameComponentBroker\NUIFrameComponentBroker.csproj", "{816229EC-1F20-4BDA-89DB-91F9B42BCBD5}"
EndProject
Project("{9A19103F-16F7-4668-BE54-9A1E7A4F7556}") = "NUISimpleBroker", "..\NUISimpleBroker\NUISimpleBroker.csproj", "{D9FA6054-A3E5-4796-A5A0-9356B3F233D3}"
EndProject
Project("{9A19103F-16F7-4668-BE54-9A1E7A4F7556}") = "NUISimpleProviderSample", "..\NUISimpleProviderSample\NUISimpleProviderSample.csproj", "{65A6DCF2-E7EE-46AE-872D-32C56E24BA07}"
EndProject
Project("{FAE04EC0-301F-11D3-BF4B-00C04F79EFBC}") = "NUITemplate1", "..\NUITemplate1\NUITemplate1.csproj", "{CD1DC6BD-CA99-40CE-A479-039ED5C80AF4}"
EndProject
Global
	GlobalSection(SolutionConfigurationPlatforms) = preSolution
		Debug|Any CPU = Debug|Any CPU
		Release|Any CPU = Release|Any CPU
	EndGlobalSection
	GlobalSection(ProjectConfigurationPlatforms) = postSolution
		{473C3BEC-2F67-4285-85FC-BF4E96BFFF1C}.Debug|Any CPU.ActiveCfg = Debug|Any CPU
		{473C3BEC-2F67-4285-85FC-BF4E96BFFF1C}.Debug|Any CPU.Build.0 = Debug|Any CPU
		{473C3BEC-2F67-4285-85FC-BF4E96BFFF1C}.Release|Any CPU.ActiveCfg = Release|Any CPU
		{473C3BEC-2F67-4285-85FC-BF4E96BFFF1C}.Release|Any CPU.Build.0 = Release|Any CPU
		{8D71B1B6-9901-436F-8914-9F812E1B10A7}.Debug|Any CPU.ActiveCfg = Debug|Any CPU
		{8D71B1B6-9901-436F-8914-9F812E1B10A7}.Debug|Any CPU.Build.0 = Debug|Any CPU
		{8D71B1B6-9901-436F-8914-9F812E1B10A7}.Release|Any CPU.ActiveCfg = Release|Any CPU
		{8D71B1B6-9901-436F-8914-9F812E1B10A7}.Release|Any CPU.Build.0 = Release|Any CPU
		{33B7EFD5-0050-416D-A2D1-8F18F26F106D}.Debug|Any CPU.ActiveCfg = Debug|Any CPU
		{33B7EFD5-0050-416D-A2D1-8F18F26F106D}.Debug|Any CPU.Build.0 = Debug|Any CPU
		{33B7EFD5-0050-416D-A2D1-8F18F26F106D}.Release|Any CPU.ActiveCfg = Release|Any CPU
		{33B7EFD5-0050-416D-A2D1-8F18F26F106D}.Release|Any CPU.Build.0 = Release|Any CPU
		{1C550C1F-9370-42FF-86FA-EDCD6262B258}.Debug|Any CPU.ActiveCfg = Debug|Any CPU
		{1C550C1F-9370-42FF-86FA-EDCD6262B258}.Debug|Any CPU.Build.0 = Debug|Any CPU
		{1C550C1F-9370-42FF-86FA-EDCD6262B258}.Release|Any CPU.ActiveCfg = Release|Any CPU
		{1C550C1F-9370-42FF-86FA-EDCD6262B258}.Release|Any CPU.Build.0 = Release|Any CPU
		{2AEDCAA7-543F-48A1-BEA3-CF3E14F6EDC2}.Debug|Any CPU.ActiveCfg = Debug|Any CPU
		{2AEDCAA7-543F-48A1-BEA3-CF3E14F6EDC2}.Debug|Any CPU.Build.0 = Debug|Any CPU
		{2AEDCAA7-543F-48A1-BEA3-CF3E14F6EDC2}.Release|Any CPU.ActiveCfg = Release|Any CPU
		{2AEDCAA7-543F-48A1-BEA3-CF3E14F6EDC2}.Release|Any CPU.Build.0 = Release|Any CPU
		{A9B4744E-EECC-44B6-8357-843DD20617EC}.Debug|Any CPU.ActiveCfg = Debug|Any CPU
		{A9B4744E-EECC-44B6-8357-843DD20617EC}.Debug|Any CPU.Build.0 = Debug|Any CPU
		{A9B4744E-EECC-44B6-8357-843DD20617EC}.Release|Any CPU.ActiveCfg = Release|Any CPU
		{A9B4744E-EECC-44B6-8357-843DD20617EC}.Release|Any CPU.Build.0 = Release|Any CPU
		{AD4B56C0-01B2-4ED0-9DBD-6CF233D16FF4}.Debug|Any CPU.ActiveCfg = Debug|Any CPU
		{AD4B56C0-01B2-4ED0-9DBD-6CF233D16FF4}.Debug|Any CPU.Build.0 = Debug|Any CPU
		{AD4B56C0-01B2-4ED0-9DBD-6CF233D16FF4}.Release|Any CPU.ActiveCfg = Release|Any CPU
		{AD4B56C0-01B2-4ED0-9DBD-6CF233D16FF4}.Release|Any CPU.Build.0 = Release|Any CPU
		{9EA2F516-3051-4D82-AB59-43FE693C88F9}.Debug|Any CPU.ActiveCfg = Debug|Any CPU
		{9EA2F516-3051-4D82-AB59-43FE693C88F9}.Debug|Any CPU.Build.0 = Debug|Any CPU
		{9EA2F516-3051-4D82-AB59-43FE693C88F9}.Release|Any CPU.ActiveCfg = Release|Any CPU
		{9EA2F516-3051-4D82-AB59-43FE693C88F9}.Release|Any CPU.Build.0 = Release|Any CPU
		{F2339827-D3A5-4BBF-BD81-CDA7723C4AD4}.Debug|Any CPU.ActiveCfg = Debug|Any CPU
		{F2339827-D3A5-4BBF-BD81-CDA7723C4AD4}.Debug|Any CPU.Build.0 = Debug|Any CPU
		{F2339827-D3A5-4BBF-BD81-CDA7723C4AD4}.Release|Any CPU.ActiveCfg = Release|Any CPU
		{F2339827-D3A5-4BBF-BD81-CDA7723C4AD4}.Release|Any CPU.Build.0 = Release|Any CPU
		{84966B67-3918-4BE3-8DC1-B93D533393B4}.Debug|Any CPU.ActiveCfg = Debug|Any CPU
		{84966B67-3918-4BE3-8DC1-B93D533393B4}.Debug|Any CPU.Build.0 = Debug|Any CPU
		{84966B67-3918-4BE3-8DC1-B93D533393B4}.Release|Any CPU.ActiveCfg = Release|Any CPU
		{84966B67-3918-4BE3-8DC1-B93D533393B4}.Release|Any CPU.Build.0 = Release|Any CPU
		{2D58DC76-991C-4442-A2A9-455BF8317A9D}.Debug|Any CPU.ActiveCfg = Debug|Any CPU
		{2D58DC76-991C-4442-A2A9-455BF8317A9D}.Debug|Any CPU.Build.0 = Debug|Any CPU
		{2D58DC76-991C-4442-A2A9-455BF8317A9D}.Release|Any CPU.ActiveCfg = Release|Any CPU
		{2D58DC76-991C-4442-A2A9-455BF8317A9D}.Release|Any CPU.Build.0 = Release|Any CPU
		{F8557F6D-6287-4148-9137-90EE733D3563}.Debug|Any CPU.ActiveCfg = Debug|Any CPU
		{F8557F6D-6287-4148-9137-90EE733D3563}.Debug|Any CPU.Build.0 = Debug|Any CPU
		{F8557F6D-6287-4148-9137-90EE733D3563}.Release|Any CPU.ActiveCfg = Release|Any CPU
		{F8557F6D-6287-4148-9137-90EE733D3563}.Release|Any CPU.Build.0 = Release|Any CPU
		{19281884-D001-41BE-8C55-D984B949F004}.Debug|Any CPU.ActiveCfg = Debug|Any CPU
		{19281884-D001-41BE-8C55-D984B949F004}.Debug|Any CPU.Build.0 = Debug|Any CPU
		{19281884-D001-41BE-8C55-D984B949F004}.Release|Any CPU.ActiveCfg = Release|Any CPU
		{19281884-D001-41BE-8C55-D984B949F004}.Release|Any CPU.Build.0 = Release|Any CPU
		{B0C6AD47-3199-4D02-9B5D-2E86BC024976}.Debug|Any CPU.ActiveCfg = Debug|Any CPU
		{B0C6AD47-3199-4D02-9B5D-2E86BC024976}.Debug|Any CPU.Build.0 = Debug|Any CPU
		{B0C6AD47-3199-4D02-9B5D-2E86BC024976}.Release|Any CPU.ActiveCfg = Release|Any CPU
		{B0C6AD47-3199-4D02-9B5D-2E86BC024976}.Release|Any CPU.Build.0 = Release|Any CPU
		{816229EC-1F20-4BDA-89DB-91F9B42BCBD5}.Debug|Any CPU.ActiveCfg = Debug|Any CPU
		{816229EC-1F20-4BDA-89DB-91F9B42BCBD5}.Debug|Any CPU.Build.0 = Debug|Any CPU
		{816229EC-1F20-4BDA-89DB-91F9B42BCBD5}.Release|Any CPU.ActiveCfg = Release|Any CPU
		{816229EC-1F20-4BDA-89DB-91F9B42BCBD5}.Release|Any CPU.Build.0 = Release|Any CPU
		{D9FA6054-A3E5-4796-A5A0-9356B3F233D3}.Debug|Any CPU.ActiveCfg = Debug|Any CPU
		{D9FA6054-A3E5-4796-A5A0-9356B3F233D3}.Debug|Any CPU.Build.0 = Debug|Any CPU
		{D9FA6054-A3E5-4796-A5A0-9356B3F233D3}.Release|Any CPU.ActiveCfg = Release|Any CPU
		{D9FA6054-A3E5-4796-A5A0-9356B3F233D3}.Release|Any CPU.Build.0 = Release|Any CPU
		{65A6DCF2-E7EE-46AE-872D-32C56E24BA07}.Debug|Any CPU.ActiveCfg = Debug|Any CPU
		{65A6DCF2-E7EE-46AE-872D-32C56E24BA07}.Debug|Any CPU.Build.0 = Debug|Any CPU
		{65A6DCF2-E7EE-46AE-872D-32C56E24BA07}.Release|Any CPU.ActiveCfg = Release|Any CPU
		{65A6DCF2-E7EE-46AE-872D-32C56E24BA07}.Release|Any CPU.Build.0 = Release|Any CPU
		{CD1DC6BD-CA99-40CE-A479-039ED5C80AF4}.Debug|Any CPU.ActiveCfg = Debug|Any CPU
		{CD1DC6BD-CA99-40CE-A479-039ED5C80AF4}.Debug|Any CPU.Build.0 = Debug|Any CPU
		{CD1DC6BD-CA99-40CE-A479-039ED5C80AF4}.Release|Any CPU.ActiveCfg = Release|Any CPU
		{CD1DC6BD-CA99-40CE-A479-039ED5C80AF4}.Release|Any CPU.Build.0 = Release|Any CPU
	EndGlobalSection
	GlobalSection(SolutionProperties) = preSolution
		HideSolutionNode = FALSE
	EndGlobalSection
	GlobalSection(ExtensibilityGlobals) = postSolution
		SolutionGuid = {7692E6C1-DC75-4E51-977F-81591CD933FB}
	EndGlobalSection
EndGlobal
